// !$*UTF8*$!
{
	archiveVersion = 1;
	classes = {
	};
	objectVersion = 50;
	objects = {

/* Begin PBXBuildFile section */
		6235EAF744958A2A5241336A /* Pods_Pokedex.framework in Frameworks */ = {isa = PBXBuildFile; fileRef = 082900A5B7582BD4C858BFF7 /* Pods_Pokedex.framework */; };
		96DD996722ABE16C0036A7A7 /* RequestMaker.swift in Sources */ = {isa = PBXBuildFile; fileRef = 96DD996622ABE16C0036A7A7 /* RequestMaker.swift */; };
		96DD996922ABE1A00036A7A7 /* Pokemon.swift in Sources */ = {isa = PBXBuildFile; fileRef = 96DD996822ABE1A00036A7A7 /* Pokemon.swift */; };
		96DD996C22AC11E80036A7A7 /* PokemonTableViewCell.swift in Sources */ = {isa = PBXBuildFile; fileRef = 96DD996B22AC11E80036A7A7 /* PokemonTableViewCell.swift */; };
		96DD996E22AC20B40036A7A7 /* UIImageViewExtensions.swift in Sources */ = {isa = PBXBuildFile; fileRef = 96DD996D22AC20B40036A7A7 /* UIImageViewExtensions.swift */; };
		96DD997022AC2F0F0036A7A7 /* DetailViewController.swift in Sources */ = {isa = PBXBuildFile; fileRef = 96DD996F22AC2F0F0036A7A7 /* DetailViewController.swift */; };
		ABD8C93B22AAC4FA00AB3718 /* AppDelegate.swift in Sources */ = {isa = PBXBuildFile; fileRef = ABD8C93A22AAC4FA00AB3718 /* AppDelegate.swift */; };
		ABD8C93D22AAC4FA00AB3718 /* PokemonListViewController.swift in Sources */ = {isa = PBXBuildFile; fileRef = ABD8C93C22AAC4FA00AB3718 /* PokemonListViewController.swift */; };
		ABD8C94022AAC4FA00AB3718 /* Main.storyboard in Resources */ = {isa = PBXBuildFile; fileRef = ABD8C93E22AAC4FA00AB3718 /* Main.storyboard */; };
		ABD8C94222AAC4FC00AB3718 /* Assets.xcassets in Resources */ = {isa = PBXBuildFile; fileRef = ABD8C94122AAC4FC00AB3718 /* Assets.xcassets */; };
		ABD8C94522AAC4FC00AB3718 /* LaunchScreen.storyboard in Resources */ = {isa = PBXBuildFile; fileRef = ABD8C94322AAC4FC00AB3718 /* LaunchScreen.storyboard */; };
		ABD8C94E22AAC55100AB3718 /* PokemonType.swift in Sources */ = {isa = PBXBuildFile; fileRef = ABD8C94D22AAC55100AB3718 /* PokemonType.swift */; };
		ABD8C95122AAD76000AB3718 /* UIViewExtensions.swift in Sources */ = {isa = PBXBuildFile; fileRef = ABD8C95022AAD75F00AB3718 /* UIViewExtensions.swift */; };
		ABD8C95422AADA6F00AB3718 /* GradientView.swift in Sources */ = {isa = PBXBuildFile; fileRef = ABD8C95322AADA6F00AB3718 /* GradientView.swift */; };
/* End PBXBuildFile section */

/* Begin PBXFileReference section */
		082900A5B7582BD4C858BFF7 /* Pods_Pokedex.framework */ = {isa = PBXFileReference; explicitFileType = wrapper.framework; includeInIndex = 0; path = Pods_Pokedex.framework; sourceTree = BUILT_PRODUCTS_DIR; };
		96DD996622ABE16C0036A7A7 /* RequestMaker.swift */ = {isa = PBXFileReference; lastKnownFileType = sourcecode.swift; path = RequestMaker.swift; sourceTree = "<group>"; };
		96DD996822ABE1A00036A7A7 /* Pokemon.swift */ = {isa = PBXFileReference; lastKnownFileType = sourcecode.swift; path = Pokemon.swift; sourceTree = "<group>"; };
		96DD996B22AC11E80036A7A7 /* PokemonTableViewCell.swift */ = {isa = PBXFileReference; lastKnownFileType = sourcecode.swift; path = PokemonTableViewCell.swift; sourceTree = "<group>"; };
		96DD996D22AC20B40036A7A7 /* UIImageViewExtensions.swift */ = {isa = PBXFileReference; lastKnownFileType = sourcecode.swift; path = UIImageViewExtensions.swift; sourceTree = "<group>"; };
		96DD996F22AC2F0F0036A7A7 /* DetailViewController.swift */ = {isa = PBXFileReference; lastKnownFileType = sourcecode.swift; path = DetailViewController.swift; sourceTree = "<group>"; };
		ABD8C93722AAC4FA00AB3718 /* Pokedex.app */ = {isa = PBXFileReference; explicitFileType = wrapper.application; includeInIndex = 0; path = Pokedex.app; sourceTree = BUILT_PRODUCTS_DIR; };
		ABD8C93A22AAC4FA00AB3718 /* AppDelegate.swift */ = {isa = PBXFileReference; lastKnownFileType = sourcecode.swift; path = AppDelegate.swift; sourceTree = "<group>"; };
		ABD8C93C22AAC4FA00AB3718 /* PokemonListViewController.swift */ = {isa = PBXFileReference; lastKnownFileType = sourcecode.swift; path = PokemonListViewController.swift; sourceTree = "<group>"; };
		ABD8C93F22AAC4FA00AB3718 /* Base */ = {isa = PBXFileReference; lastKnownFileType = file.storyboard; name = Base; path = Base.lproj/Main.storyboard; sourceTree = "<group>"; };
		ABD8C94122AAC4FC00AB3718 /* Assets.xcassets */ = {isa = PBXFileReference; lastKnownFileType = folder.assetcatalog; path = Assets.xcassets; sourceTree = "<group>"; };
		ABD8C94422AAC4FC00AB3718 /* Base */ = {isa = PBXFileReference; lastKnownFileType = file.storyboard; name = Base; path = Base.lproj/LaunchScreen.storyboard; sourceTree = "<group>"; };
		ABD8C94622AAC4FC00AB3718 /* Info.plist */ = {isa = PBXFileReference; lastKnownFileType = text.plist.xml; path = Info.plist; sourceTree = "<group>"; };
		ABD8C94D22AAC55100AB3718 /* PokemonType.swift */ = {isa = PBXFileReference; lastKnownFileType = sourcecode.swift; path = PokemonType.swift; sourceTree = "<group>"; };
		ABD8C95022AAD75F00AB3718 /* UIViewExtensions.swift */ = {isa = PBXFileReference; lastKnownFileType = sourcecode.swift; path = UIViewExtensions.swift; sourceTree = "<group>"; };
		ABD8C95322AADA6F00AB3718 /* GradientView.swift */ = {isa = PBXFileReference; lastKnownFileType = sourcecode.swift; path = GradientView.swift; sourceTree = "<group>"; };
		C19E682A7C5B407F900D2BD3 /* Pods-Pokedex.release.xcconfig */ = {isa = PBXFileReference; includeInIndex = 1; lastKnownFileType = text.xcconfig; name = "Pods-Pokedex.release.xcconfig"; path = "Target Support Files/Pods-Pokedex/Pods-Pokedex.release.xcconfig"; sourceTree = "<group>"; };
		F971D046DECCDE613A6170D3 /* Pods-Pokedex.debug.xcconfig */ = {isa = PBXFileReference; includeInIndex = 1; lastKnownFileType = text.xcconfig; name = "Pods-Pokedex.debug.xcconfig"; path = "Target Support Files/Pods-Pokedex/Pods-Pokedex.debug.xcconfig"; sourceTree = "<group>"; };
/* End PBXFileReference section */

/* Begin PBXFrameworksBuildPhase section */
		ABD8C93422AAC4FA00AB3718 /* Frameworks */ = {
			isa = PBXFrameworksBuildPhase;
			buildActionMask = 2147483647;
			files = (
				6235EAF744958A2A5241336A /* Pods_Pokedex.framework in Frameworks */,
			);
			runOnlyForDeploymentPostprocessing = 0;
		};
/* End PBXFrameworksBuildPhase section */

/* Begin PBXGroup section */
		6307F40BF10CC4DC47F5B270 /* Pods */ = {
			isa = PBXGroup;
			children = (
				F971D046DECCDE613A6170D3 /* Pods-Pokedex.debug.xcconfig */,
				C19E682A7C5B407F900D2BD3 /* Pods-Pokedex.release.xcconfig */,
			);
			path = Pods;
			sourceTree = "<group>";
		};
		96DD996522ABE1530036A7A7 /* API */ = {
			isa = PBXGroup;
			children = (
				96DD996622ABE16C0036A7A7 /* RequestMaker.swift */,
			);
			path = API;
			sourceTree = "<group>";
		};
		96DD996A22AC11CC0036A7A7 /* Components */ = {
			isa = PBXGroup;
			children = (
				96DD996B22AC11E80036A7A7 /* PokemonTableViewCell.swift */,
			);
			path = Components;
			sourceTree = "<group>";
		};
		ABD8C92E22AAC4FA00AB3718 = {
			isa = PBXGroup;
			children = (
				ABD8C93922AAC4FA00AB3718 /* Pokedex */,
				ABD8C93822AAC4FA00AB3718 /* Products */,
				6307F40BF10CC4DC47F5B270 /* Pods */,
				B451ECE57E01F783AC37C4CF /* Frameworks */,
			);
			sourceTree = "<group>";
		};
		ABD8C93822AAC4FA00AB3718 /* Products */ = {
			isa = PBXGroup;
			children = (
				ABD8C93722AAC4FA00AB3718 /* Pokedex.app */,
			);
			name = Products;
			sourceTree = "<group>";
		};
		ABD8C93922AAC4FA00AB3718 /* Pokedex */ = {
			isa = PBXGroup;
			children = (
				96DD996A22AC11CC0036A7A7 /* Components */,
				96DD996522ABE1530036A7A7 /* API */,
				ABD8C95222AADA6200AB3718 /* CustomViews */,
				ABD8C94F22AAD74E00AB3718 /* Extensions */,
				ABD8C94C22AAC53F00AB3718 /* Models */,
				ABD8C93A22AAC4FA00AB3718 /* AppDelegate.swift */,
				ABD8C93C22AAC4FA00AB3718 /* PokemonListViewController.swift */,
				ABD8C93E22AAC4FA00AB3718 /* Main.storyboard */,
				ABD8C94122AAC4FC00AB3718 /* Assets.xcassets */,
				ABD8C94322AAC4FC00AB3718 /* LaunchScreen.storyboard */,
				ABD8C94622AAC4FC00AB3718 /* Info.plist */,
				96DD996F22AC2F0F0036A7A7 /* DetailViewController.swift */,
			);
			path = Pokedex;
			sourceTree = "<group>";
		};
		ABD8C94C22AAC53F00AB3718 /* Models */ = {
			isa = PBXGroup;
			children = (
				ABD8C94D22AAC55100AB3718 /* PokemonType.swift */,
				96DD996822ABE1A00036A7A7 /* Pokemon.swift */,
			);
			path = Models;
			sourceTree = "<group>";
		};
		ABD8C94F22AAD74E00AB3718 /* Extensions */ = {
			isa = PBXGroup;
			children = (
				ABD8C95022AAD75F00AB3718 /* UIViewExtensions.swift */,
				96DD996D22AC20B40036A7A7 /* UIImageViewExtensions.swift */,
			);
			path = Extensions;
			sourceTree = "<group>";
		};
		ABD8C95222AADA6200AB3718 /* CustomViews */ = {
			isa = PBXGroup;
			children = (
				ABD8C95322AADA6F00AB3718 /* GradientView.swift */,
			);
			path = CustomViews;
			sourceTree = "<group>";
		};
		B451ECE57E01F783AC37C4CF /* Frameworks */ = {
			isa = PBXGroup;
			children = (
				082900A5B7582BD4C858BFF7 /* Pods_Pokedex.framework */,
			);
			name = Frameworks;
			sourceTree = "<group>";
		};
/* End PBXGroup section */

/* Begin PBXNativeTarget section */
		ABD8C93622AAC4FA00AB3718 /* Pokedex */ = {
			isa = PBXNativeTarget;
			buildConfigurationList = ABD8C94922AAC4FC00AB3718 /* Build configuration list for PBXNativeTarget "Pokedex" */;
			buildPhases = (
				7A8BC655590568F8CEB429A9 /* [CP] Check Pods Manifest.lock */,
				ABD8C93322AAC4FA00AB3718 /* Sources */,
				ABD8C93422AAC4FA00AB3718 /* Frameworks */,
				ABD8C93522AAC4FA00AB3718 /* Resources */,
				2F8786648B7BA4F02563DF85 /* [CP] Embed Pods Frameworks */,
			);
			buildRules = (
			);
			dependencies = (
			);
			name = Pokedex;
			productName = Pokedex;
			productReference = ABD8C93722AAC4FA00AB3718 /* Pokedex.app */;
			productType = "com.apple.product-type.application";
		};
/* End PBXNativeTarget section */

/* Begin PBXProject section */
		ABD8C92F22AAC4FA00AB3718 /* Project object */ = {
			isa = PBXProject;
			attributes = {
				LastSwiftUpdateCheck = 1020;
				LastUpgradeCheck = 1020;
				ORGANIZATIONNAME = "CWI Software";
				TargetAttributes = {
					ABD8C93622AAC4FA00AB3718 = {
						CreatedOnToolsVersion = 10.2.1;
					};
				};
			};
			buildConfigurationList = ABD8C93222AAC4FA00AB3718 /* Build configuration list for PBXProject "Pokedex" */;
			compatibilityVersion = "Xcode 9.3";
			developmentRegion = en;
			hasScannedForEncodings = 0;
			knownRegions = (
				en,
				Base,
			);
			mainGroup = ABD8C92E22AAC4FA00AB3718;
			productRefGroup = ABD8C93822AAC4FA00AB3718 /* Products */;
			projectDirPath = "";
			projectRoot = "";
			targets = (
				ABD8C93622AAC4FA00AB3718 /* Pokedex */,
			);
		};
/* End PBXProject section */

/* Begin PBXResourcesBuildPhase section */
		ABD8C93522AAC4FA00AB3718 /* Resources */ = {
			isa = PBXResourcesBuildPhase;
			buildActionMask = 2147483647;
			files = (
				ABD8C94522AAC4FC00AB3718 /* LaunchScreen.storyboard in Resources */,
				ABD8C94222AAC4FC00AB3718 /* Assets.xcassets in Resources */,
				ABD8C94022AAC4FA00AB3718 /* Main.storyboard in Resources */,
			);
			runOnlyForDeploymentPostprocessing = 0;
		};
/* End PBXResourcesBuildPhase section */

/* Begin PBXShellScriptBuildPhase section */
		2F8786648B7BA4F02563DF85 /* [CP] Embed Pods Frameworks */ = {
			isa = PBXShellScriptBuildPhase;
			buildActionMask = 2147483647;
			files = (
			);
			inputFileListPaths = (
			);
			inputPaths = (
				"${PODS_ROOT}/Target Support Files/Pods-Pokedex/Pods-Pokedex-frameworks.sh",
				"${BUILT_PRODUCTS_DIR}/Nuke/Nuke.framework",
			);
			name = "[CP] Embed Pods Frameworks";
			outputFileListPaths = (
			);
			outputPaths = (
				"${TARGET_BUILD_DIR}/${FRAMEWORKS_FOLDER_PATH}/Nuke.framework",
			);
			runOnlyForDeploymentPostprocessing = 0;
			shellPath = /bin/sh;
			shellScript = "\"${PODS_ROOT}/Target Support Files/Pods-Pokedex/Pods-Pokedex-frameworks.sh\"\n";
			showEnvVarsInLog = 0;
		};
		7A8BC655590568F8CEB429A9 /* [CP] Check Pods Manifest.lock */ = {
			isa = PBXShellScriptBuildPhase;
			buildActionMask = 2147483647;
			files = (
			);
			inputFileListPaths = (
			);
			inputPaths = (
				"${PODS_PODFILE_DIR_PATH}/Podfile.lock",
				"${PODS_ROOT}/Manifest.lock",
			);
			name = "[CP] Check Pods Manifest.lock";
			outputFileListPaths = (
			);
			outputPaths = (
				"$(DERIVED_FILE_DIR)/Pods-Pokedex-checkManifestLockResult.txt",
			);
			runOnlyForDeploymentPostprocessing = 0;
			shellPath = /bin/sh;
			shellScript = "diff \"${PODS_PODFILE_DIR_PATH}/Podfile.lock\" \"${PODS_ROOT}/Manifest.lock\" > /dev/null\nif [ $? != 0 ] ; then\n    # print error to STDERR\n    echo \"error: The sandbox is not in sync with the Podfile.lock. Run 'pod install' or update your CocoaPods installation.\" >&2\n    exit 1\nfi\n# This output is used by Xcode 'outputs' to avoid re-running this script phase.\necho \"SUCCESS\" > \"${SCRIPT_OUTPUT_FILE_0}\"\n";
			showEnvVarsInLog = 0;
		};
/* End PBXShellScriptBuildPhase section */

/* Begin PBXSourcesBuildPhase section */
		ABD8C93322AAC4FA00AB3718 /* Sources */ = {
			isa = PBXSourcesBuildPhase;
			buildActionMask = 2147483647;
			files = (
				96DD996922ABE1A00036A7A7 /* Pokemon.swift in Sources */,
				96DD996C22AC11E80036A7A7 /* PokemonTableViewCell.swift in Sources */,
				ABD8C93D22AAC4FA00AB3718 /* PokemonListViewController.swift in Sources */,
				ABD8C94E22AAC55100AB3718 /* PokemonType.swift in Sources */,
				96DD996E22AC20B40036A7A7 /* UIImageViewExtensions.swift in Sources */,
				ABD8C95422AADA6F00AB3718 /* GradientView.swift in Sources */,
				ABD8C95122AAD76000AB3718 /* UIViewExtensions.swift in Sources */,
				96DD997022AC2F0F0036A7A7 /* DetailViewController.swift in Sources */,
				96DD996722ABE16C0036A7A7 /* RequestMaker.swift in Sources */,
				ABD8C93B22AAC4FA00AB3718 /* AppDelegate.swift in Sources */,
			);
			runOnlyForDeploymentPostprocessing = 0;
		};
/* End PBXSourcesBuildPhase section */

/* Begin PBXVariantGroup section */
		ABD8C93E22AAC4FA00AB3718 /* Main.storyboard */ = {
			isa = PBXVariantGroup;
			children = (
				ABD8C93F22AAC4FA00AB3718 /* Base */,
			);
			name = Main.storyboard;
			sourceTree = "<group>";
		};
		ABD8C94322AAC4FC00AB3718 /* LaunchScreen.storyboard */ = {
			isa = PBXVariantGroup;
			children = (
				ABD8C94422AAC4FC00AB3718 /* Base */,
			);
			name = LaunchScreen.storyboard;
			sourceTree = "<group>";
		};
/* End PBXVariantGroup section */

/* Begin XCBuildConfiguration section */
		ABD8C94722AAC4FC00AB3718 /* Debug */ = {
			isa = XCBuildConfiguration;
			buildSettings = {
				ALWAYS_SEARCH_USER_PATHS = NO;
				CLANG_ANALYZER_NONNULL = YES;
				CLANG_ANALYZER_NUMBER_OBJECT_CONVERSION = YES_AGGRESSIVE;
				CLANG_CXX_LANGUAGE_STANDARD = "gnu++14";
				CLANG_CXX_LIBRARY = "libc++";
				CLANG_ENABLE_MODULES = YES;
				CLANG_ENABLE_OBJC_ARC = YES;
				CLANG_ENABLE_OBJC_WEAK = YES;
				CLANG_WARN_BLOCK_CAPTURE_AUTORELEASING = YES;
				CLANG_WARN_BOOL_CONVERSION = YES;
				CLANG_WARN_COMMA = YES;
				CLANG_WARN_CONSTANT_CONVERSION = YES;
				CLANG_WARN_DEPRECATED_OBJC_IMPLEMENTATIONS = YES;
				CLANG_WARN_DIRECT_OBJC_ISA_USAGE = YES_ERROR;
				CLANG_WARN_DOCUMENTATION_COMMENTS = YES;
				CLANG_WARN_EMPTY_BODY = YES;
				CLANG_WARN_ENUM_CONVERSION = YES;
				CLANG_WARN_INFINITE_RECURSION = YES;
				CLANG_WARN_INT_CONVERSION = YES;
				CLANG_WARN_NON_LITERAL_NULL_CONVERSION = YES;
				CLANG_WARN_OBJC_IMPLICIT_RETAIN_SELF = YES;
				CLANG_WARN_OBJC_LITERAL_CONVERSION = YES;
				CLANG_WARN_OBJC_ROOT_CLASS = YES_ERROR;
				CLANG_WARN_RANGE_LOOP_ANALYSIS = YES;
				CLANG_WARN_STRICT_PROTOTYPES = YES;
				CLANG_WARN_SUSPICIOUS_MOVE = YES;
				CLANG_WARN_UNGUARDED_AVAILABILITY = YES_AGGRESSIVE;
				CLANG_WARN_UNREACHABLE_CODE = YES;
				CLANG_WARN__DUPLICATE_METHOD_MATCH = YES;
				CODE_SIGN_IDENTITY = "iPhone Developer";
				COPY_PHASE_STRIP = NO;
				DEBUG_INFORMATION_FORMAT = dwarf;
				ENABLE_STRICT_OBJC_MSGSEND = YES;
				ENABLE_TESTABILITY = YES;
				GCC_C_LANGUAGE_STANDARD = gnu11;
				GCC_DYNAMIC_NO_PIC = NO;
				GCC_NO_COMMON_BLOCKS = YES;
				GCC_OPTIMIZATION_LEVEL = 0;
				GCC_PREPROCESSOR_DEFINITIONS = (
					"DEBUG=1",
					"$(inherited)",
				);
				GCC_WARN_64_TO_32_BIT_CONVERSION = YES;
				GCC_WARN_ABOUT_RETURN_TYPE = YES_ERROR;
				GCC_WARN_UNDECLARED_SELECTOR = YES;
				GCC_WARN_UNINITIALIZED_AUTOS = YES_AGGRESSIVE;
				GCC_WARN_UNUSED_FUNCTION = YES;
				GCC_WARN_UNUSED_VARIABLE = YES;
				IPHONEOS_DEPLOYMENT_TARGET = 12.2;
				MTL_ENABLE_DEBUG_INFO = INCLUDE_SOURCE;
				MTL_FAST_MATH = YES;
				ONLY_ACTIVE_ARCH = YES;
				SDKROOT = iphoneos;
				SWIFT_ACTIVE_COMPILATION_CONDITIONS = DEBUG;
				SWIFT_OPTIMIZATION_LEVEL = "-Onone";
			};
			name = Debug;
		};
		ABD8C94822AAC4FC00AB3718 /* Release */ = {
			isa = XCBuildConfiguration;
			buildSettings = {
				ALWAYS_SEARCH_USER_PATHS = NO;
				CLANG_ANALYZER_NONNULL = YES;
				CLANG_ANALYZER_NUMBER_OBJECT_CONVERSION = YES_AGGRESSIVE;
				CLANG_CXX_LANGUAGE_STANDARD = "gnu++14";
				CLANG_CXX_LIBRARY = "libc++";
				CLANG_ENABLE_MODULES = YES;
				CLANG_ENABLE_OBJC_ARC = YES;
				CLANG_ENABLE_OBJC_WEAK = YES;
				CLANG_WARN_BLOCK_CAPTURE_AUTORELEASING = YES;
				CLANG_WARN_BOOL_CONVERSION = YES;
				CLANG_WARN_COMMA = YES;
				CLANG_WARN_CONSTANT_CONVERSION = YES;
				CLANG_WARN_DEPRECATED_OBJC_IMPLEMENTATIONS = YES;
				CLANG_WARN_DIRECT_OBJC_ISA_USAGE = YES_ERROR;
				CLANG_WARN_DOCUMENTATION_COMMENTS = YES;
				CLANG_WARN_EMPTY_BODY = YES;
				CLANG_WARN_ENUM_CONVERSION = YES;
				CLANG_WARN_INFINITE_RECURSION = YES;
				CLANG_WARN_INT_CONVERSION = YES;
				CLANG_WARN_NON_LITERAL_NULL_CONVERSION = YES;
				CLANG_WARN_OBJC_IMPLICIT_RETAIN_SELF = YES;
				CLANG_WARN_OBJC_LITERAL_CONVERSION = YES;
				CLANG_WARN_OBJC_ROOT_CLASS = YES_ERROR;
				CLANG_WARN_RANGE_LOOP_ANALYSIS = YES;
				CLANG_WARN_STRICT_PROTOTYPES = YES;
				CLANG_WARN_SUSPICIOUS_MOVE = YES;
				CLANG_WARN_UNGUARDED_AVAILABILITY = YES_AGGRESSIVE;
				CLANG_WARN_UNREACHABLE_CODE = YES;
				CLANG_WARN__DUPLICATE_METHOD_MATCH = YES;
				CODE_SIGN_IDENTITY = "iPhone Developer";
				COPY_PHASE_STRIP = NO;
				DEBUG_INFORMATION_FORMAT = "dwarf-with-dsym";
				ENABLE_NS_ASSERTIONS = NO;
				ENABLE_STRICT_OBJC_MSGSEND = YES;
				GCC_C_LANGUAGE_STANDARD = gnu11;
				GCC_NO_COMMON_BLOCKS = YES;
				GCC_WARN_64_TO_32_BIT_CONVERSION = YES;
				GCC_WARN_ABOUT_RETURN_TYPE = YES_ERROR;
				GCC_WARN_UNDECLARED_SELECTOR = YES;
				GCC_WARN_UNINITIALIZED_AUTOS = YES_AGGRESSIVE;
				GCC_WARN_UNUSED_FUNCTION = YES;
				GCC_WARN_UNUSED_VARIABLE = YES;
				IPHONEOS_DEPLOYMENT_TARGET = 12.2;
				MTL_ENABLE_DEBUG_INFO = NO;
				MTL_FAST_MATH = YES;
				SDKROOT = iphoneos;
				SWIFT_COMPILATION_MODE = wholemodule;
				SWIFT_OPTIMIZATION_LEVEL = "-O";
				VALIDATE_PRODUCT = YES;
			};
			name = Release;
		};
		ABD8C94A22AAC4FC00AB3718 /* Debug */ = {
			isa = XCBuildConfiguration;
			baseConfigurationReference = F971D046DECCDE613A6170D3 /* Pods-Pokedex.debug.xcconfig */;
			buildSettings = {
				ASSETCATALOG_COMPILER_APPICON_NAME = AppIcon;
				CODE_SIGN_STYLE = Automatic;
				DEVELOPMENT_TEAM = P3K4KJAA74;
				INFOPLIST_FILE = Pokedex/Info.plist;
				LD_RUNPATH_SEARCH_PATHS = (
					"$(inherited)",
					"@executable_path/Frameworks",
				);
				PRODUCT_BUNDLE_IDENTIFIER = br.com.cwi.elias.Pokedex;
				PRODUCT_NAME = "$(TARGET_NAME)";
				SWIFT_VERSION = 5.0;
				TARGETED_DEVICE_FAMILY = "1,2";
			};
			name = Debug;
		};
		ABD8C94B22AAC4FC00AB3718 /* Release */ = {
			isa = XCBuildConfiguration;
			baseConfigurationReference = C19E682A7C5B407F900D2BD3 /* Pods-Pokedex.release.xcconfig */;
			buildSettings = {
				ASSETCATALOG_COMPILER_APPICON_NAME = AppIcon;
				CODE_SIGN_STYLE = Automatic;
				DEVELOPMENT_TEAM = P3K4KJAA74;
				INFOPLIST_FILE = Pokedex/Info.plist;
				LD_RUNPATH_SEARCH_PATHS = (
					"$(inherited)",
					"@executable_path/Frameworks",
				);
				PRODUCT_BUNDLE_IDENTIFIER = br.com.cwi.elias.Pokedex;
				PRODUCT_NAME = "$(TARGET_NAME)";
				SWIFT_VERSION = 5.0;
				TARGETED_DEVICE_FAMILY = "1,2";
			};
			name = Release;
		};
/* End XCBuildConfiguration section */

/* Begin XCConfigurationList section */
		ABD8C93222AAC4FA00AB3718 /* Build configuration list for PBXProject "Pokedex" */ = {
			isa = XCConfigurationList;
			buildConfigurations = (
				ABD8C94722AAC4FC00AB3718 /* Debug */,
				ABD8C94822AAC4FC00AB3718 /* Release */,
			);
			defaultConfigurationIsVisible = 0;
			defaultConfigurationName = Release;
		};
		ABD8C94922AAC4FC00AB3718 /* Build configuration list for PBXNativeTarget "Pokedex" */ = {
			isa = XCConfigurationList;
			buildConfigurations = (
				ABD8C94A22AAC4FC00AB3718 /* Debug */,
				ABD8C94B22AAC4FC00AB3718 /* Release */,
			);
			defaultConfigurationIsVisible = 0;
			defaultConfigurationName = Release;
		};
/* End XCConfigurationList section */
	};
	rootObject = ABD8C92F22AAC4FA00AB3718 /* Project object */;
}
